PODS:
  - Atlas (1.0.0):
    - LayerKit
  - LayerKit (0.10.1)
  - MBProgressHUD (0.9.1)

DEPENDENCIES:
  - Atlas (~> 1.0.0)
  - MBProgressHUD (~> 0.8)

SPEC CHECKSUMS:
  Atlas: 88ccc5306532efa2e9ac530b63e9117b019f5646
  LayerKit: 5ee212e2922750ddef4ff6ddd4f1b986c0b85fb6
  MBProgressHUD: f3747dcbd45a9e855a6b0674550651e0b7ed250c

COCOAPODS: 0.36.0.rc.1
